// !$*UTF8*$!
{
	archiveVersion = 1;
	classes = {
	};
	objectVersion = 48;
	objects = {

/* Begin PBXBuildFile section */
		E7A874D11FFDC8BC00408DF4 /* AppDelegate.swift in Sources */ = {isa = PBXBuildFile; fileRef = E7A874D01FFDC8BC00408DF4 /* AppDelegate.swift */; };
		E7A874D31FFDC8BC00408DF4 /* ViewController.swift in Sources */ = {isa = PBXBuildFile; fileRef = E7A874D21FFDC8BC00408DF4 /* ViewController.swift */; };
		E7A874D61FFDC8BC00408DF4 /* Main.storyboard in Resources */ = {isa = PBXBuildFile; fileRef = E7A874D41FFDC8BC00408DF4 /* Main.storyboard */; };
		E7A874D81FFDC8BC00408DF4 /* Assets.xcassets in Resources */ = {isa = PBXBuildFile; fileRef = E7A874D71FFDC8BC00408DF4 /* Assets.xcassets */; };
		E7A874DB1FFDC8BC00408DF4 /* LaunchScreen.storyboard in Resources */ = {isa = PBXBuildFile; fileRef = E7A874D91FFDC8BC00408DF4 /* LaunchScreen.storyboard */; };
/* End PBXBuildFile section */

/* Begin PBXFileReference section */
		E7A874CD1FFDC8BC00408DF4 /* HQcy.app */ = {isa = PBXFileReference; explicitFileType = wrapper.application; includeInIndex = 0; path = HQcy.app; sourceTree = BUILT_PRODUCTS_DIR; };
		E7A874D01FFDC8BC00408DF4 /* AppDelegate.swift */ = {isa = PBXFileReference; lastKnownFileType = sourcecode.swift; path = AppDelegate.swift; sourceTree = "<group>"; };
		E7A874D21FFDC8BC00408DF4 /* ViewController.swift */ = {isa = PBXFileReference; lastKnownFileType = sourcecode.swift; path = ViewController.swift; sourceTree = "<group>"; };
		E7A874D51FFDC8BC00408DF4 /* Base */ = {isa = PBXFileReference; lastKnownFileType = file.storyboard; name = Base; path = Base.lproj/Main.storyboard; sourceTree = "<group>"; };
		E7A874D71FFDC8BC00408DF4 /* Assets.xcassets */ = {isa = PBXFileReference; lastKnownFileType = folder.assetcatalog; path = Assets.xcassets; sourceTree = "<group>"; };
		E7A874DA1FFDC8BC00408DF4 /* Base */ = {isa = PBXFileReference; lastKnownFileType = file.storyboard; name = Base; path = Base.lproj/LaunchScreen.storyboard; sourceTree = "<group>"; };
		E7A874DC1FFDC8BC00408DF4 /* Info.plist */ = {isa = PBXFileReference; lastKnownFileType = text.plist.xml; path = Info.plist; sourceTree = "<group>"; };
/* End PBXFileReference section */

/* Begin PBXFrameworksBuildPhase section */
		E7A874CA1FFDC8BC00408DF4 /* Frameworks */ = {
			isa = PBXFrameworksBuildPhase;
			buildActionMask = 2147483647;
			files = (
			);
			runOnlyForDeploymentPostprocessing = 0;
		};
/* End PBXFrameworksBuildPhase section */

/* Begin PBXGroup section */
		E7A874C41FFDC8BC00408DF4 = {
			isa = PBXGroup;
			children = (
				E7A874CF1FFDC8BC00408DF4 /* HQcy */,
				E7A874CE1FFDC8BC00408DF4 /* Products */,
			);
			sourceTree = "<group>";
		};
		E7A874CE1FFDC8BC00408DF4 /* Products */ = {
			isa = PBXGroup;
			children = (
				E7A874CD1FFDC8BC00408DF4 /* HQcy.app */,
			);
			name = Products;
			sourceTree = "<group>";
		};
		E7A874CF1FFDC8BC00408DF4 /* HQcy */ = {
			isa = PBXGroup;
			children = (
				E7A874D01FFDC8BC00408DF4 /* AppDelegate.swift */,
				E7A874D21FFDC8BC00408DF4 /* ViewController.swift */,
				E7A874D41FFDC8BC00408DF4 /* Main.storyboard */,
				E7A874D71FFDC8BC00408DF4 /* Assets.xcassets */,
				E7A874D91FFDC8BC00408DF4 /* LaunchScreen.storyboard */,
				E7A874DC1FFDC8BC00408DF4 /* Info.plist */,
			);
			path = HQcy;
			sourceTree = "<group>";
		};
/* End PBXGroup section */

/* Begin PBXNativeTarget section */
		E7A874CC1FFDC8BC00408DF4 /* HQcy */ = {
			isa = PBXNativeTarget;
			buildConfigurationList = E7A874DF1FFDC8BC00408DF4 /* Build configuration list for PBXNativeTarget "HQcy" */;
			buildPhases = (
				E7A874C91FFDC8BC00408DF4 /* Sources */,
				E7A874CA1FFDC8BC00408DF4 /* Frameworks */,
				E7A874CB1FFDC8BC00408DF4 /* Resources */,
			);
			buildRules = (
			);
			dependencies = (
			);
			name = HQcy;
			productName = HQcy;
			productReference = E7A874CD1FFDC8BC00408DF4 /* HQcy.app */;
			productType = "com.apple.product-type.application";
		};
/* End PBXNativeTarget section */

/* Begin PBXProject section */
		E7A874C51FFDC8BC00408DF4 /* Project object */ = {
			isa = PBXProject;
			attributes = {
				LastSwiftUpdateCheck = 0920;
				LastUpgradeCheck = 0920;
				ORGANIZATIONNAME = "Ryan Campbell";
				TargetAttributes = {
					E7A874CC1FFDC8BC00408DF4 = {
						CreatedOnToolsVersion = 9.2;
						ProvisioningStyle = Automatic;
					};
				};
			};
			buildConfigurationList = E7A874C81FFDC8BC00408DF4 /* Build configuration list for PBXProject "HQcy" */;
			compatibilityVersion = "Xcode 8.0";
			developmentRegion = en;
			hasScannedForEncodings = 0;
			knownRegions = (
				en,
				Base,
			);
			mainGroup = E7A874C41FFDC8BC00408DF4;
			productRefGroup = E7A874CE1FFDC8BC00408DF4 /* Products */;
			projectDirPath = "";
			projectRoot = "";
			targets = (
				E7A874CC1FFDC8BC00408DF4 /* HQcy */,
			);
		};
/* End PBXProject section */

/* Begin PBXResourcesBuildPhase section */
		E7A874CB1FFDC8BC00408DF4 /* Resources */ = {
			isa = PBXResourcesBuildPhase;
			buildActionMask = 2147483647;
			files = (
				E7A874DB1FFDC8BC00408DF4 /* LaunchScreen.storyboard in Resources */,
				E7A874D81FFDC8BC00408DF4 /* Assets.xcassets in Resources */,
				E7A874D61FFDC8BC00408DF4 /* Main.storyboard in Resources */,
			);
			runOnlyForDeploymentPostprocessing = 0;
		};
/* End PBXResourcesBuildPhase section */

/* Begin PBXSourcesBuildPhase section */
		E7A874C91FFDC8BC00408DF4 /* Sources */ = {
			isa = PBXSourcesBuildPhase;
			buildActionMask = 2147483647;
			files = (
				E7A874D31FFDC8BC00408DF4 /* ViewController.swift in Sources */,
				E7A874D11FFDC8BC00408DF4 /* AppDelegate.swift in Sources */,
			);
			runOnlyForDeploymentPostprocessing = 0;
		};
/* End PBXSourcesBuildPhase section */

/* Begin PBXVariantGroup section */
		E7A874D41FFDC8BC00408DF4 /* Main.storyboard */ = {
			isa = PBXVariantGroup;
			children = (
				E7A874D51FFDC8BC00408DF4 /* Base */,
			);
			name = Main.storyboard;
			sourceTree = "<group>";
		};
		E7A874D91FFDC8BC00408DF4 /* LaunchScreen.storyboard */ = {
			isa = PBXVariantGroup;
			children = (
				E7A874DA1FFDC8BC00408DF4 /* Base */,
			);
			name = LaunchScreen.storyboard;
			sourceTree = "<group>";
		};
/* End PBXVariantGroup section */

/* Begin XCBuildConfiguration section */
		E7A874DD1FFDC8BC00408DF4 /* Debug */ = {
			isa = XCBuildConfiguration;
			buildSettings = {
				ALWAYS_SEARCH_USER_PATHS = NO;
				CLANG_ANALYZER_NONNULL = YES;
				CLANG_ANALYZER_NUMBER_OBJECT_CONVERSION = YES_AGGRESSIVE;
				CLANG_CXX_LANGUAGE_STANDARD = "gnu++14";
				CLANG_CXX_LIBRARY = "libc++";
				CLANG_ENABLE_MODULES = YES;
				CLANG_ENABLE_OBJC_ARC = YES;
				CLANG_WARN_BLOCK_CAPTURE_AUTORELEASING = YES;
				CLANG_WARN_BOOL_CONVERSION = YES;
				CLANG_WARN_COMMA = YES;
				CLANG_WARN_CONSTANT_CONVERSION = YES;
				CLANG_WARN_DIRECT_OBJC_ISA_USAGE = YES_ERROR;
				CLANG_WARN_DOCUMENTATION_COMMENTS = YES;
				CLANG_WARN_EMPTY_BODY = YES;
				CLANG_WARN_ENUM_CONVERSION = YES;
				CLANG_WARN_INFINITE_RECURSION = YES;
				CLANG_WARN_INT_CONVERSION = YES;
				CLANG_WARN_NON_LITERAL_NULL_CONVERSION = YES;
				CLANG_WARN_OBJC_LITERAL_CONVERSION = YES;
				CLANG_WARN_OBJC_ROOT_CLASS = YES_ERROR;
				CLANG_WARN_RANGE_LOOP_ANALYSIS = YES;
				CLANG_WARN_STRICT_PROTOTYPES = YES;
				CLANG_WARN_SUSPICIOUS_MOVE = YES;
				CLANG_WARN_UNGUARDED_AVAILABILITY = YES_AGGRESSIVE;
				CLANG_WARN_UNREACHABLE_CODE = YES;
				CLANG_WARN__DUPLICATE_METHOD_MATCH = YES;
				CODE_SIGN_IDENTITY = "iPhone Developer";
				COPY_PHASE_STRIP = NO;
				DEBUG_INFORMATION_FORMAT = dwarf;
				ENABLE_STRICT_OBJC_MSGSEND = YES;
				ENABLE_TESTABILITY = YES;
				GCC_C_LANGUAGE_STANDARD = gnu11;
				GCC_DYNAMIC_NO_PIC = NO;
				GCC_NO_COMMON_BLOCKS = YES;
				GCC_OPTIMIZATION_LEVEL = 0;
				GCC_PREPROCESSOR_DEFINITIONS = (
					"DEBUG=1",
					"$(inherited)",
				);
				GCC_WARN_64_TO_32_BIT_CONVERSION = YES;
				GCC_WARN_ABOUT_RETURN_TYPE = YES_ERROR;
				GCC_WARN_UNDECLARED_SELECTOR = YES;
				GCC_WARN_UNINITIALIZED_AUTOS = YES_AGGRESSIVE;
				GCC_WARN_UNUSED_FUNCTION = YES;
				GCC_WARN_UNUSED_VARIABLE = YES;
				IPHONEOS_DEPLOYMENT_TARGET = 11.2;
				MTL_ENABLE_DEBUG_INFO = YES;
				ONLY_ACTIVE_ARCH = YES;
				SDKROOT = iphoneos;
				SWIFT_ACTIVE_COMPILATION_CONDITIONS = DEBUG;
				SWIFT_OPTIMIZATION_LEVEL = "-Onone";
			};
			name = Debug;
		};
		E7A874DE1FFDC8BC00408DF4 /* Release */ = {
			isa = XCBuildConfiguration;
			buildSettings = {
				ALWAYS_SEARCH_USER_PATHS = NO;
				CLANG_ANALYZER_NONNULL = YES;
				CLANG_ANALYZER_NUMBER_OBJECT_CONVERSION = YES_AGGRESSIVE;
				CLANG_CXX_LANGUAGE_STANDARD = "gnu++14";
				CLANG_CXX_LIBRARY = "libc++";
				CLANG_ENABLE_MODULES = YES;
				CLANG_ENABLE_OBJC_ARC = YES;
				CLANG_WARN_BLOCK_CAPTURE_AUTORELEASING = YES;
				CLANG_WARN_BOOL_CONVERSION = YES;
				CLANG_WARN_COMMA = YES;
				CLANG_WARN_CONSTANT_CONVERSION = YES;
				CLANG_WARN_DIRECT_OBJC_ISA_USAGE = YES_ERROR;
				CLANG_WARN_DOCUMENTATION_COMMENTS = YES;
				CLANG_WARN_EMPTY_BODY = YES;
				CLANG_WARN_ENUM_CONVERSION = YES;
				CLANG_WARN_INFINITE_RECURSION = YES;
				CLANG_WARN_INT_CONVERSION = YES;
				CLANG_WARN_NON_LITERAL_NULL_CONVERSION = YES;
				CLANG_WARN_OBJC_LITERAL_CONVERSION = YES;
				CLANG_WARN_OBJC_ROOT_CLASS = YES_ERROR;
				CLANG_WARN_RANGE_LOOP_ANALYSIS = YES;
				CLANG_WARN_STRICT_PROTOTYPES = YES;
				CLANG_WARN_SUSPICIOUS_MOVE = YES;
				CLANG_WARN_UNGUARDED_AVAILABILITY = YES_AGGRESSIVE;
				CLANG_WARN_UNREACHABLE_CODE = YES;
				CLANG_WARN__DUPLICATE_METHOD_MATCH = YES;
				CODE_SIGN_IDENTITY = "iPhone Developer";
				COPY_PHASE_STRIP = NO;
				DEBUG_INFORMATION_FORMAT = "dwarf-with-dsym";
				ENABLE_NS_ASSERTIONS = NO;
				ENABLE_STRICT_OBJC_MSGSEND = YES;
				GCC_C_LANGUAGE_STANDARD = gnu11;
				GCC_NO_COMMON_BLOCKS = YES;
				GCC_WARN_64_TO_32_BIT_CONVERSION = YES;
				GCC_WARN_ABOUT_RETURN_TYPE = YES_ERROR;
				GCC_WARN_UNDECLARED_SELECTOR = YES;
				GCC_WARN_UNINITIALIZED_AUTOS = YES_AGGRESSIVE;
				GCC_WARN_UNUSED_FUNCTION = YES;
				GCC_WARN_UNUSED_VARIABLE = YES;
				IPHONEOS_DEPLOYMENT_TARGET = 11.2;
				MTL_ENABLE_DEBUG_INFO = NO;
				SDKROOT = iphoneos;
				SWIFT_OPTIMIZATION_LEVEL = "-Owholemodule";
				VALIDATE_PRODUCT = YES;
			};
			name = Release;
		};
		E7A874E01FFDC8BC00408DF4 /* Debug */ = {
			isa = XCBuildConfiguration;
			buildSettings = {
				ASSETCATALOG_COMPILER_APPICON_NAME = AppIcon;
				CODE_SIGN_STYLE = Automatic;
				DEVELOPMENT_TEAM = 28BQ99GP49;
				INFOPLIST_FILE = HQcy/Info.plist;
				LD_RUNPATH_SEARCH_PATHS = "$(inherited) @executable_path/Frameworks";
				PRODUCT_BUNDLE_IDENTIFIER = "Ryan--n--Tao-LLC.HQcy";
				PRODUCT_NAME = "$(TARGET_NAME)";
				SWIFT_VERSION = 4.0;
				TARGETED_DEVICE_FAMILY = "1,2";
			};
			name = Debug;
		};
		E7A874E11FFDC8BC00408DF4 /* Release */ = {
			isa = XCBuildConfiguration;
			buildSettings = {
				ASSETCATALOG_COMPILER_APPICON_NAME = AppIcon;
				CODE_SIGN_STYLE = Automatic;
				DEVELOPMENT_TEAM = 28BQ99GP49;
				INFOPLIST_FILE = HQcy/Info.plist;
				LD_RUNPATH_SEARCH_PATHS = "$(inherited) @executable_path/Frameworks";
				PRODUCT_BUNDLE_IDENTIFIER = "Ryan--n--Tao-LLC.HQcy";
				PRODUCT_NAME = "$(TARGET_NAME)";
				SWIFT_VERSION = 4.0;
				TARGETED_DEVICE_FAMILY = "1,2";
			};
			name = Release;
		};
/* End XCBuildConfiguration section */

/* Begin XCConfigurationList section */
		E7A874C81FFDC8BC00408DF4 /* Build configuration list for PBXProject "HQcy" */ = {
			isa = XCConfigurationList;
			buildConfigurations = (
				E7A874DD1FFDC8BC00408DF4 /* Debug */,
				E7A874DE1FFDC8BC00408DF4 /* Release */,
			);
			defaultConfigurationIsVisible = 0;
			defaultConfigurationName = Release;
		};
		E7A874DF1FFDC8BC00408DF4 /* Build configuration list for PBXNativeTarget "HQcy" */ = {
			isa = XCConfigurationList;
			buildConfigurations = (
				E7A874E01FFDC8BC00408DF4 /* Debug */,
				E7A874E11FFDC8BC00408DF4 /* Release */,
			);
			defaultConfigurationIsVisible = 0;
			defaultConfigurationName = Release;
		};
/* End XCConfigurationList section */
	};
	rootObject = E7A874C51FFDC8BC00408DF4 /* Project object */;
}
