// !$*UTF8*$!
{
	archiveVersion = 1;
	classes = {
	};
	objectVersion = 48;
	objects = {

/* Begin PBXBuildFile section */
		3544D31CD1BC81551C5792BD /* Pods_HQcy.framework in Frameworks */ = {isa = PBXBuildFile; fileRef = 3173CD473BFB27FE4E8D2529 /* Pods_HQcy.framework */; };
		E747655B2002C20E0004C8E8 /* QuestionInput.swift in Sources */ = {isa = PBXBuildFile; fileRef = E747655A2002C20E0004C8E8 /* QuestionInput.swift */; };
		E747655D2003336B0004C8E8 /* QuestionInput.xib in Resources */ = {isa = PBXBuildFile; fileRef = E747655C2003336B0004C8E8 /* QuestionInput.xib */; };
		E74FC1252008772D004F389C /* Popup.swift in Sources */ = {isa = PBXBuildFile; fileRef = E74FC1242008772D004F389C /* Popup.swift */; };
		E7774BC12004260F0047B015 /* OptionButton.swift in Sources */ = {isa = PBXBuildFile; fileRef = E7774BC02004260F0047B015 /* OptionButton.swift */; };
		E7774BC32004270E0047B015 /* TimerLabel.swift in Sources */ = {isa = PBXBuildFile; fileRef = E7774BC22004270E0047B015 /* TimerLabel.swift */; };
		E7774BD82005479D0047B015 /* OptionBackground.swift in Sources */ = {isa = PBXBuildFile; fileRef = E7774BD72005479D0047B015 /* OptionBackground.swift */; };
		E7774BDA20054BB00047B015 /* OptionLeftRounded.swift in Sources */ = {isa = PBXBuildFile; fileRef = E7774BD920054BB00047B015 /* OptionLeftRounded.swift */; };
		E7774BDC20054C010047B015 /* OptionView.swift in Sources */ = {isa = PBXBuildFile; fileRef = E7774BDB20054C010047B015 /* OptionView.swift */; };
		E7774BDE20054D170047B015 /* OptionRightRounded.swift in Sources */ = {isa = PBXBuildFile; fileRef = E7774BDD20054D170047B015 /* OptionRightRounded.swift */; };
		E7A874D11FFDC8BC00408DF4 /* AppDelegate.swift in Sources */ = {isa = PBXBuildFile; fileRef = E7A874D01FFDC8BC00408DF4 /* AppDelegate.swift */; };
		E7A874D31FFDC8BC00408DF4 /* ViewController.swift in Sources */ = {isa = PBXBuildFile; fileRef = E7A874D21FFDC8BC00408DF4 /* ViewController.swift */; };
		E7A874D61FFDC8BC00408DF4 /* Main.storyboard in Resources */ = {isa = PBXBuildFile; fileRef = E7A874D41FFDC8BC00408DF4 /* Main.storyboard */; };
		E7A874D81FFDC8BC00408DF4 /* Assets.xcassets in Resources */ = {isa = PBXBuildFile; fileRef = E7A874D71FFDC8BC00408DF4 /* Assets.xcassets */; };
		E7A874DB1FFDC8BC00408DF4 /* LaunchScreen.storyboard in Resources */ = {isa = PBXBuildFile; fileRef = E7A874D91FFDC8BC00408DF4 /* LaunchScreen.storyboard */; };
/* End PBXBuildFile section */

/* Begin PBXFileReference section */
		3173CD473BFB27FE4E8D2529 /* Pods_HQcy.framework */ = {isa = PBXFileReference; explicitFileType = wrapper.framework; includeInIndex = 0; path = Pods_HQcy.framework; sourceTree = BUILT_PRODUCTS_DIR; };
		E735409E1FFDCF4D00DE13E6 /* FBSDKLoginKit.framework */ = {isa = PBXFileReference; explicitFileType = wrapper.framework; path = FBSDKLoginKit.framework; sourceTree = BUILT_PRODUCTS_DIR; };
		E747655A2002C20E0004C8E8 /* QuestionInput.swift */ = {isa = PBXFileReference; lastKnownFileType = sourcecode.swift; path = QuestionInput.swift; sourceTree = "<group>"; };
		E747655C2003336B0004C8E8 /* QuestionInput.xib */ = {isa = PBXFileReference; lastKnownFileType = file.xib; path = QuestionInput.xib; sourceTree = "<group>"; };
		E74FC1062008755B004F389C /* AudioToolbox.framework */ = {isa = PBXFileReference; lastKnownFileType = wrapper.framework; name = AudioToolbox.framework; path = System/Library/Frameworks/AudioToolbox.framework; sourceTree = SDKROOT; };
		E74FC10820087563004F389C /* AVFoundation.framework */ = {isa = PBXFileReference; lastKnownFileType = wrapper.framework; name = AVFoundation.framework; path = System/Library/Frameworks/AVFoundation.framework; sourceTree = SDKROOT; };
		E74FC10A2008756A004F389C /* CoreGraphics.framework */ = {isa = PBXFileReference; lastKnownFileType = wrapper.framework; name = CoreGraphics.framework; path = System/Library/Frameworks/CoreGraphics.framework; sourceTree = SDKROOT; };
		E74FC10C20087571004F389C /* CoreMedia.framework */ = {isa = PBXFileReference; lastKnownFileType = wrapper.framework; name = CoreMedia.framework; path = System/Library/Frameworks/CoreMedia.framework; sourceTree = SDKROOT; };
		E74FC10E20087577004F389C /* CoreVideo.framework */ = {isa = PBXFileReference; lastKnownFileType = wrapper.framework; name = CoreVideo.framework; path = System/Library/Frameworks/CoreVideo.framework; sourceTree = SDKROOT; };
		E74FC1102008758A004F389C /* libbz2.1.0.tbd */ = {isa = PBXFileReference; lastKnownFileType = "sourcecode.text-based-dylib-definition"; name = libbz2.1.0.tbd; path = usr/lib/libbz2.1.0.tbd; sourceTree = SDKROOT; };
		E74FC1122008758D004F389C /* libbz2.tbd */ = {isa = PBXFileReference; lastKnownFileType = "sourcecode.text-based-dylib-definition"; name = libbz2.tbd; path = usr/lib/libbz2.tbd; sourceTree = SDKROOT; };
		E74FC11420087595004F389C /* MediaPlayer.framework */ = {isa = PBXFileReference; lastKnownFileType = wrapper.framework; name = MediaPlayer.framework; path = System/Library/Frameworks/MediaPlayer.framework; sourceTree = SDKROOT; };
		E74FC1162008759A004F389C /* MobileCoreServices.framework */ = {isa = PBXFileReference; lastKnownFileType = wrapper.framework; name = MobileCoreServices.framework; path = System/Library/Frameworks/MobileCoreServices.framework; sourceTree = SDKROOT; };
		E74FC118200875A1004F389C /* OpenGLES.framework */ = {isa = PBXFileReference; lastKnownFileType = wrapper.framework; name = OpenGLES.framework; path = System/Library/Frameworks/OpenGLES.framework; sourceTree = SDKROOT; };
		E74FC11A200875A7004F389C /* QuartzCore.framework */ = {isa = PBXFileReference; lastKnownFileType = wrapper.framework; name = QuartzCore.framework; path = System/Library/Frameworks/QuartzCore.framework; sourceTree = SDKROOT; };
		E74FC11C200875AE004F389C /* UIKit.framework */ = {isa = PBXFileReference; lastKnownFileType = wrapper.framework; name = UIKit.framework; path = System/Library/Frameworks/UIKit.framework; sourceTree = SDKROOT; };
		E74FC11E200875B4004F389C /* VideoToolbox.framework */ = {isa = PBXFileReference; lastKnownFileType = wrapper.framework; name = VideoToolbox.framework; path = System/Library/Frameworks/VideoToolbox.framework; sourceTree = SDKROOT; };
		E74FC1242008772D004F389C /* Popup.swift */ = {isa = PBXFileReference; lastKnownFileType = sourcecode.swift; path = Popup.swift; sourceTree = "<group>"; };
		E74FC12920087754004F389C /* SocketIO.framework */ = {isa = PBXFileReference; explicitFileType = wrapper.framework; path = SocketIO.framework; sourceTree = BUILT_PRODUCTS_DIR; };
		E74FC12B20087CA7004F389C /* libz.tbd */ = {isa = PBXFileReference; lastKnownFileType = "sourcecode.text-based-dylib-definition"; name = libz.tbd; path = usr/lib/libz.tbd; sourceTree = SDKROOT; };
		E74FC13820087D50004F389C /* libstdc++.tbd */ = {isa = PBXFileReference; lastKnownFileType = "sourcecode.text-based-dylib-definition"; name = "libstdc++.tbd"; path = "usr/lib/libstdc++.tbd"; sourceTree = SDKROOT; };
		E7774BC02004260F0047B015 /* OptionButton.swift */ = {isa = PBXFileReference; lastKnownFileType = sourcecode.swift; path = OptionButton.swift; sourceTree = "<group>"; };
		E7774BC22004270E0047B015 /* TimerLabel.swift */ = {isa = PBXFileReference; lastKnownFileType = sourcecode.swift; path = TimerLabel.swift; sourceTree = "<group>"; };
		E7774BD72005479D0047B015 /* OptionBackground.swift */ = {isa = PBXFileReference; lastKnownFileType = sourcecode.swift; path = OptionBackground.swift; sourceTree = "<group>"; };
		E7774BD920054BB00047B015 /* OptionLeftRounded.swift */ = {isa = PBXFileReference; lastKnownFileType = sourcecode.swift; path = OptionLeftRounded.swift; sourceTree = "<group>"; };
		E7774BDB20054C010047B015 /* OptionView.swift */ = {isa = PBXFileReference; lastKnownFileType = sourcecode.swift; path = OptionView.swift; sourceTree = "<group>"; };
		E7774BDD20054D170047B015 /* OptionRightRounded.swift */ = {isa = PBXFileReference; lastKnownFileType = sourcecode.swift; path = OptionRightRounded.swift; sourceTree = "<group>"; };
		E7A874CD1FFDC8BC00408DF4 /* HQcy.app */ = {isa = PBXFileReference; explicitFileType = wrapper.application; includeInIndex = 0; path = HQcy.app; sourceTree = BUILT_PRODUCTS_DIR; };
		E7A874D01FFDC8BC00408DF4 /* AppDelegate.swift */ = {isa = PBXFileReference; lastKnownFileType = sourcecode.swift; path = AppDelegate.swift; sourceTree = "<group>"; };
		E7A874D21FFDC8BC00408DF4 /* ViewController.swift */ = {isa = PBXFileReference; lastKnownFileType = sourcecode.swift; path = ViewController.swift; sourceTree = "<group>"; };
		E7A874D51FFDC8BC00408DF4 /* Base */ = {isa = PBXFileReference; lastKnownFileType = file.storyboard; name = Base; path = Base.lproj/Main.storyboard; sourceTree = "<group>"; };
		E7A874D71FFDC8BC00408DF4 /* Assets.xcassets */ = {isa = PBXFileReference; lastKnownFileType = folder.assetcatalog; path = Assets.xcassets; sourceTree = "<group>"; };
		E7A874DA1FFDC8BC00408DF4 /* Base */ = {isa = PBXFileReference; lastKnownFileType = file.storyboard; name = Base; path = Base.lproj/LaunchScreen.storyboard; sourceTree = "<group>"; };
		E7A874DC1FFDC8BC00408DF4 /* Info.plist */ = {isa = PBXFileReference; lastKnownFileType = text.plist.xml; path = Info.plist; sourceTree = "<group>"; };
		E7FA10EF1FFDCD9B00CEC480 /* FacebookLogin.framework */ = {isa = PBXFileReference; explicitFileType = wrapper.framework; path = FacebookLogin.framework; sourceTree = BUILT_PRODUCTS_DIR; };
		F4AA4B88533FC5F955E81D3E /* Pods-HQcy.release.xcconfig */ = {isa = PBXFileReference; includeInIndex = 1; lastKnownFileType = text.xcconfig; name = "Pods-HQcy.release.xcconfig"; path = "Pods/Target Support Files/Pods-HQcy/Pods-HQcy.release.xcconfig"; sourceTree = "<group>"; };
		FFECB952659C272983166D19 /* Pods-HQcy.debug.xcconfig */ = {isa = PBXFileReference; includeInIndex = 1; lastKnownFileType = text.xcconfig; name = "Pods-HQcy.debug.xcconfig"; path = "Pods/Target Support Files/Pods-HQcy/Pods-HQcy.debug.xcconfig"; sourceTree = "<group>"; };
/* End PBXFileReference section */

/* Begin PBXFrameworksBuildPhase section */
		E7A874CA1FFDC8BC00408DF4 /* Frameworks */ = {
			isa = PBXFrameworksBuildPhase;
			buildActionMask = 2147483647;
			files = (
				3544D31CD1BC81551C5792BD /* Pods_HQcy.framework in Frameworks */,
			);
			runOnlyForDeploymentPostprocessing = 0;
		};
/* End PBXFrameworksBuildPhase section */

/* Begin PBXGroup section */
		B248A5F2226B1BF6D8758E71 /* Pods */ = {
			isa = PBXGroup;
			children = (
				FFECB952659C272983166D19 /* Pods-HQcy.debug.xcconfig */,
				F4AA4B88533FC5F955E81D3E /* Pods-HQcy.release.xcconfig */,
			);
			name = Pods;
			sourceTree = "<group>";
		};
		CE2C296C105EA8DD92B4F1C9 /* Frameworks */ = {
			isa = PBXGroup;
			children = (
				E74FC13820087D50004F389C /* libstdc++.tbd */,
				E74FC12B20087CA7004F389C /* libz.tbd */,
				E74FC12920087754004F389C /* SocketIO.framework */,
				E74FC11E200875B4004F389C /* VideoToolbox.framework */,
				E74FC11C200875AE004F389C /* UIKit.framework */,
				E74FC11A200875A7004F389C /* QuartzCore.framework */,
				E74FC118200875A1004F389C /* OpenGLES.framework */,
				E74FC1162008759A004F389C /* MobileCoreServices.framework */,
				E74FC11420087595004F389C /* MediaPlayer.framework */,
				E74FC1122008758D004F389C /* libbz2.tbd */,
				E74FC1102008758A004F389C /* libbz2.1.0.tbd */,
				E74FC10E20087577004F389C /* CoreVideo.framework */,
				E74FC10C20087571004F389C /* CoreMedia.framework */,
				E74FC10A2008756A004F389C /* CoreGraphics.framework */,
				E74FC10820087563004F389C /* AVFoundation.framework */,
				E74FC1062008755B004F389C /* AudioToolbox.framework */,
				E735409E1FFDCF4D00DE13E6 /* FBSDKLoginKit.framework */,
				E7FA10EF1FFDCD9B00CEC480 /* FacebookLogin.framework */,
				3173CD473BFB27FE4E8D2529 /* Pods_HQcy.framework */,
			);
			name = Frameworks;
			sourceTree = "<group>";
		};
		E7774BC6200440CC0047B015 /* QuestionInput */ = {
			isa = PBXGroup;
			children = (
				E747655C2003336B0004C8E8 /* QuestionInput.xib */,
				E747655A2002C20E0004C8E8 /* QuestionInput.swift */,
				E7774BC22004270E0047B015 /* TimerLabel.swift */,
				E7774BC02004260F0047B015 /* OptionButton.swift */,
				E7774BD72005479D0047B015 /* OptionBackground.swift */,
				E7774BD920054BB00047B015 /* OptionLeftRounded.swift */,
				E7774BDD20054D170047B015 /* OptionRightRounded.swift */,
				E7774BDB20054C010047B015 /* OptionView.swift */,
				E74FC1242008772D004F389C /* Popup.swift */,
			);
			path = QuestionInput;
			sourceTree = "<group>";
		};
		E7A874C41FFDC8BC00408DF4 = {
			isa = PBXGroup;
			children = (
				E7A874CF1FFDC8BC00408DF4 /* HQcy */,
				E7A874CE1FFDC8BC00408DF4 /* Products */,
				B248A5F2226B1BF6D8758E71 /* Pods */,
				CE2C296C105EA8DD92B4F1C9 /* Frameworks */,
			);
			sourceTree = "<group>";
		};
		E7A874CE1FFDC8BC00408DF4 /* Products */ = {
			isa = PBXGroup;
			children = (
				E7A874CD1FFDC8BC00408DF4 /* HQcy.app */,
			);
			name = Products;
			sourceTree = "<group>";
		};
		E7A874CF1FFDC8BC00408DF4 /* HQcy */ = {
			isa = PBXGroup;
			children = (
				E7774BC6200440CC0047B015 /* QuestionInput */,
				E7A874D01FFDC8BC00408DF4 /* AppDelegate.swift */,
				E7A874D21FFDC8BC00408DF4 /* ViewController.swift */,
				E7A874D41FFDC8BC00408DF4 /* Main.storyboard */,
				E7A874D71FFDC8BC00408DF4 /* Assets.xcassets */,
				E7A874D91FFDC8BC00408DF4 /* LaunchScreen.storyboard */,
				E7A874DC1FFDC8BC00408DF4 /* Info.plist */,
			);
			path = HQcy;
			sourceTree = "<group>";
		};
/* End PBXGroup section */

/* Begin PBXNativeTarget section */
		E7A874CC1FFDC8BC00408DF4 /* HQcy */ = {
			isa = PBXNativeTarget;
			buildConfigurationList = E7A874DF1FFDC8BC00408DF4 /* Build configuration list for PBXNativeTarget "HQcy" */;
			buildPhases = (
				FF5435D279C907CED5A2F288 /* [CP] Check Pods Manifest.lock */,
				E7A874C91FFDC8BC00408DF4 /* Sources */,
				E7A874CA1FFDC8BC00408DF4 /* Frameworks */,
				E7A874CB1FFDC8BC00408DF4 /* Resources */,
				61D0AEB2EBCCB9164B7F4435 /* [CP] Embed Pods Frameworks */,
				91F1769B5A96BB002ACC0EC3 /* [CP] Copy Pods Resources */,
			);
			buildRules = (
			);
			dependencies = (
			);
			name = HQcy;
			productName = HQcy;
			productReference = E7A874CD1FFDC8BC00408DF4 /* HQcy.app */;
			productType = "com.apple.product-type.application";
		};
/* End PBXNativeTarget section */

/* Begin PBXProject section */
		E7A874C51FFDC8BC00408DF4 /* Project object */ = {
			isa = PBXProject;
			attributes = {
				LastSwiftUpdateCheck = 0920;
				LastUpgradeCheck = 0920;
				ORGANIZATIONNAME = "Ryan Campbell";
				TargetAttributes = {
					E7A874CC1FFDC8BC00408DF4 = {
						CreatedOnToolsVersion = 9.2;
						ProvisioningStyle = Automatic;
					};
				};
			};
			buildConfigurationList = E7A874C81FFDC8BC00408DF4 /* Build configuration list for PBXProject "HQcy" */;
			compatibilityVersion = "Xcode 8.0";
			developmentRegion = en;
			hasScannedForEncodings = 0;
			knownRegions = (
				en,
				Base,
			);
			mainGroup = E7A874C41FFDC8BC00408DF4;
			productRefGroup = E7A874CE1FFDC8BC00408DF4 /* Products */;
			projectDirPath = "";
			projectRoot = "";
			targets = (
				E7A874CC1FFDC8BC00408DF4 /* HQcy */,
			);
		};
/* End PBXProject section */

/* Begin PBXResourcesBuildPhase section */
		E7A874CB1FFDC8BC00408DF4 /* Resources */ = {
			isa = PBXResourcesBuildPhase;
			buildActionMask = 2147483647;
			files = (
				E7A874DB1FFDC8BC00408DF4 /* LaunchScreen.storyboard in Resources */,
				E7A874D81FFDC8BC00408DF4 /* Assets.xcassets in Resources */,
				E747655D2003336B0004C8E8 /* QuestionInput.xib in Resources */,
				E7A874D61FFDC8BC00408DF4 /* Main.storyboard in Resources */,
			);
			runOnlyForDeploymentPostprocessing = 0;
		};
/* End PBXResourcesBuildPhase section */

/* Begin PBXShellScriptBuildPhase section */
		61D0AEB2EBCCB9164B7F4435 /* [CP] Embed Pods Frameworks */ = {
			isa = PBXShellScriptBuildPhase;
			buildActionMask = 2147483647;
			files = (
			);
			inputPaths = (
				"${SRCROOT}/Pods/Target Support Files/Pods-HQcy/Pods-HQcy-frameworks.sh",
				"${BUILT_PRODUCTS_DIR}/Socket.IO-Client-Swift/SocketIO.framework",
				"${BUILT_PRODUCTS_DIR}/Starscream/Starscream.framework",
			);
			name = "[CP] Embed Pods Frameworks";
			outputPaths = (
				"${TARGET_BUILD_DIR}/${FRAMEWORKS_FOLDER_PATH}/SocketIO.framework",
				"${TARGET_BUILD_DIR}/${FRAMEWORKS_FOLDER_PATH}/Starscream.framework",
			);
			runOnlyForDeploymentPostprocessing = 0;
			shellPath = /bin/sh;
			shellScript = "\"${SRCROOT}/Pods/Target Support Files/Pods-HQcy/Pods-HQcy-frameworks.sh\"\n";
			showEnvVarsInLog = 0;
		};
		91F1769B5A96BB002ACC0EC3 /* [CP] Copy Pods Resources */ = {
			isa = PBXShellScriptBuildPhase;
			buildActionMask = 2147483647;
			files = (
			);
			inputPaths = (
			);
			name = "[CP] Copy Pods Resources";
			outputPaths = (
			);
			runOnlyForDeploymentPostprocessing = 0;
			shellPath = /bin/sh;
			shellScript = "\"${SRCROOT}/Pods/Target Support Files/Pods-HQcy/Pods-HQcy-resources.sh\"\n";
			showEnvVarsInLog = 0;
		};
		FF5435D279C907CED5A2F288 /* [CP] Check Pods Manifest.lock */ = {
			isa = PBXShellScriptBuildPhase;
			buildActionMask = 2147483647;
			files = (
			);
			inputPaths = (
				"${PODS_PODFILE_DIR_PATH}/Podfile.lock",
				"${PODS_ROOT}/Manifest.lock",
			);
			name = "[CP] Check Pods Manifest.lock";
			outputPaths = (
				"$(DERIVED_FILE_DIR)/Pods-HQcy-checkManifestLockResult.txt",
			);
			runOnlyForDeploymentPostprocessing = 0;
			shellPath = /bin/sh;
			shellScript = "diff \"${PODS_PODFILE_DIR_PATH}/Podfile.lock\" \"${PODS_ROOT}/Manifest.lock\" > /dev/null\nif [ $? != 0 ] ; then\n    # print error to STDERR\n    echo \"error: The sandbox is not in sync with the Podfile.lock. Run 'pod install' or update your CocoaPods installation.\" >&2\n    exit 1\nfi\n# This output is used by Xcode 'outputs' to avoid re-running this script phase.\necho \"SUCCESS\" > \"${SCRIPT_OUTPUT_FILE_0}\"\n";
			showEnvVarsInLog = 0;
		};
/* End PBXShellScriptBuildPhase section */

/* Begin PBXSourcesBuildPhase section */
		E7A874C91FFDC8BC00408DF4 /* Sources */ = {
			isa = PBXSourcesBuildPhase;
			buildActionMask = 2147483647;
			files = (
				E7774BC32004270E0047B015 /* TimerLabel.swift in Sources */,
				E7A874D31FFDC8BC00408DF4 /* ViewController.swift in Sources */,
				E74FC1252008772D004F389C /* Popup.swift in Sources */,
				E7774BD82005479D0047B015 /* OptionBackground.swift in Sources */,
				E7774BDE20054D170047B015 /* OptionRightRounded.swift in Sources */,
				E7774BC12004260F0047B015 /* OptionButton.swift in Sources */,
				E747655B2002C20E0004C8E8 /* QuestionInput.swift in Sources */,
				E7A874D11FFDC8BC00408DF4 /* AppDelegate.swift in Sources */,
				E7774BDC20054C010047B015 /* OptionView.swift in Sources */,
				E7774BDA20054BB00047B015 /* OptionLeftRounded.swift in Sources */,
			);
			runOnlyForDeploymentPostprocessing = 0;
		};
/* End PBXSourcesBuildPhase section */

/* Begin PBXVariantGroup section */
		E7A874D41FFDC8BC00408DF4 /* Main.storyboard */ = {
			isa = PBXVariantGroup;
			children = (
				E7A874D51FFDC8BC00408DF4 /* Base */,
			);
			name = Main.storyboard;
			sourceTree = "<group>";
		};
		E7A874D91FFDC8BC00408DF4 /* LaunchScreen.storyboard */ = {
			isa = PBXVariantGroup;
			children = (
				E7A874DA1FFDC8BC00408DF4 /* Base */,
			);
			name = LaunchScreen.storyboard;
			sourceTree = "<group>";
		};
/* End PBXVariantGroup section */

/* Begin XCBuildConfiguration section */
		E7A874DD1FFDC8BC00408DF4 /* Debug */ = {
			isa = XCBuildConfiguration;
			buildSettings = {
				ALWAYS_SEARCH_USER_PATHS = NO;
				CLANG_ANALYZER_NONNULL = YES;
				CLANG_ANALYZER_NUMBER_OBJECT_CONVERSION = YES_AGGRESSIVE;
				CLANG_CXX_LANGUAGE_STANDARD = "gnu++14";
				CLANG_CXX_LIBRARY = "libc++";
				CLANG_ENABLE_MODULES = YES;
				CLANG_ENABLE_OBJC_ARC = YES;
				CLANG_WARN_BLOCK_CAPTURE_AUTORELEASING = YES;
				CLANG_WARN_BOOL_CONVERSION = YES;
				CLANG_WARN_COMMA = YES;
				CLANG_WARN_CONSTANT_CONVERSION = YES;
				CLANG_WARN_DIRECT_OBJC_ISA_USAGE = YES_ERROR;
				CLANG_WARN_DOCUMENTATION_COMMENTS = YES;
				CLANG_WARN_EMPTY_BODY = YES;
				CLANG_WARN_ENUM_CONVERSION = YES;
				CLANG_WARN_INFINITE_RECURSION = YES;
				CLANG_WARN_INT_CONVERSION = YES;
				CLANG_WARN_NON_LITERAL_NULL_CONVERSION = YES;
				CLANG_WARN_OBJC_LITERAL_CONVERSION = YES;
				CLANG_WARN_OBJC_ROOT_CLASS = YES_ERROR;
				CLANG_WARN_RANGE_LOOP_ANALYSIS = YES;
				CLANG_WARN_STRICT_PROTOTYPES = YES;
				CLANG_WARN_SUSPICIOUS_MOVE = YES;
				CLANG_WARN_UNGUARDED_AVAILABILITY = YES_AGGRESSIVE;
				CLANG_WARN_UNREACHABLE_CODE = YES;
				CLANG_WARN__DUPLICATE_METHOD_MATCH = YES;
				CODE_SIGN_IDENTITY = "iPhone Developer";
				COPY_PHASE_STRIP = NO;
				DEBUG_INFORMATION_FORMAT = dwarf;
				ENABLE_STRICT_OBJC_MSGSEND = YES;
				ENABLE_TESTABILITY = YES;
				GCC_C_LANGUAGE_STANDARD = gnu11;
				GCC_DYNAMIC_NO_PIC = NO;
				GCC_NO_COMMON_BLOCKS = YES;
				GCC_OPTIMIZATION_LEVEL = 0;
				GCC_PREPROCESSOR_DEFINITIONS = (
					"DEBUG=1",
					"$(inherited)",
				);
				GCC_WARN_64_TO_32_BIT_CONVERSION = YES;
				GCC_WARN_ABOUT_RETURN_TYPE = YES_ERROR;
				GCC_WARN_UNDECLARED_SELECTOR = YES;
				GCC_WARN_UNINITIALIZED_AUTOS = YES_AGGRESSIVE;
				GCC_WARN_UNUSED_FUNCTION = YES;
				GCC_WARN_UNUSED_VARIABLE = YES;
				IPHONEOS_DEPLOYMENT_TARGET = 11.2;
				MTL_ENABLE_DEBUG_INFO = YES;
				ONLY_ACTIVE_ARCH = YES;
				SDKROOT = iphoneos;
				SWIFT_ACTIVE_COMPILATION_CONDITIONS = DEBUG;
				SWIFT_OPTIMIZATION_LEVEL = "-Onone";
				SWIFT_VERSION = "";
			};
			name = Debug;
		};
		E7A874DE1FFDC8BC00408DF4 /* Release */ = {
			isa = XCBuildConfiguration;
			buildSettings = {
				ALWAYS_SEARCH_USER_PATHS = NO;
				CLANG_ANALYZER_NONNULL = YES;
				CLANG_ANALYZER_NUMBER_OBJECT_CONVERSION = YES_AGGRESSIVE;
				CLANG_CXX_LANGUAGE_STANDARD = "gnu++14";
				CLANG_CXX_LIBRARY = "libc++";
				CLANG_ENABLE_MODULES = YES;
				CLANG_ENABLE_OBJC_ARC = YES;
				CLANG_WARN_BLOCK_CAPTURE_AUTORELEASING = YES;
				CLANG_WARN_BOOL_CONVERSION = YES;
				CLANG_WARN_COMMA = YES;
				CLANG_WARN_CONSTANT_CONVERSION = YES;
				CLANG_WARN_DIRECT_OBJC_ISA_USAGE = YES_ERROR;
				CLANG_WARN_DOCUMENTATION_COMMENTS = YES;
				CLANG_WARN_EMPTY_BODY = YES;
				CLANG_WARN_ENUM_CONVERSION = YES;
				CLANG_WARN_INFINITE_RECURSION = YES;
				CLANG_WARN_INT_CONVERSION = YES;
				CLANG_WARN_NON_LITERAL_NULL_CONVERSION = YES;
				CLANG_WARN_OBJC_LITERAL_CONVERSION = YES;
				CLANG_WARN_OBJC_ROOT_CLASS = YES_ERROR;
				CLANG_WARN_RANGE_LOOP_ANALYSIS = YES;
				CLANG_WARN_STRICT_PROTOTYPES = YES;
				CLANG_WARN_SUSPICIOUS_MOVE = YES;
				CLANG_WARN_UNGUARDED_AVAILABILITY = YES_AGGRESSIVE;
				CLANG_WARN_UNREACHABLE_CODE = YES;
				CLANG_WARN__DUPLICATE_METHOD_MATCH = YES;
				CODE_SIGN_IDENTITY = "iPhone Developer";
				COPY_PHASE_STRIP = NO;
				DEBUG_INFORMATION_FORMAT = "dwarf-with-dsym";
				ENABLE_NS_ASSERTIONS = NO;
				ENABLE_STRICT_OBJC_MSGSEND = YES;
				GCC_C_LANGUAGE_STANDARD = gnu11;
				GCC_NO_COMMON_BLOCKS = YES;
				GCC_WARN_64_TO_32_BIT_CONVERSION = YES;
				GCC_WARN_ABOUT_RETURN_TYPE = YES_ERROR;
				GCC_WARN_UNDECLARED_SELECTOR = YES;
				GCC_WARN_UNINITIALIZED_AUTOS = YES_AGGRESSIVE;
				GCC_WARN_UNUSED_FUNCTION = YES;
				GCC_WARN_UNUSED_VARIABLE = YES;
				IPHONEOS_DEPLOYMENT_TARGET = 11.2;
				MTL_ENABLE_DEBUG_INFO = NO;
				SDKROOT = iphoneos;
				SWIFT_OPTIMIZATION_LEVEL = "-Owholemodule";
				SWIFT_VERSION = "";
				VALIDATE_PRODUCT = YES;
			};
			name = Release;
		};
		E7A874E01FFDC8BC00408DF4 /* Debug */ = {
			isa = XCBuildConfiguration;
			baseConfigurationReference = FFECB952659C272983166D19 /* Pods-HQcy.debug.xcconfig */;
			buildSettings = {
				ASSETCATALOG_COMPILER_APPICON_NAME = AppIcon;
				CODE_SIGN_STYLE = Automatic;
				DEVELOPMENT_TEAM = 28BQ99GP49;
				INFOPLIST_FILE = HQcy/Info.plist;
				IPHONEOS_DEPLOYMENT_TARGET = 10.2.1;
				LD_RUNPATH_SEARCH_PATHS = "$(inherited) @executable_path/Frameworks";
				PRODUCT_BUNDLE_IDENTIFIER = "Ryan--n--Tao-LLC.HQcy";
				PRODUCT_NAME = "$(TARGET_NAME)";
				SWIFT_VERSION = 4.0;
				TARGETED_DEVICE_FAMILY = "1,2";
			};
			name = Debug;
		};
		E7A874E11FFDC8BC00408DF4 /* Release */ = {
			isa = XCBuildConfiguration;
			baseConfigurationReference = F4AA4B88533FC5F955E81D3E /* Pods-HQcy.release.xcconfig */;
			buildSettings = {
				ASSETCATALOG_COMPILER_APPICON_NAME = AppIcon;
				CODE_SIGN_STYLE = Automatic;
				DEVELOPMENT_TEAM = 28BQ99GP49;
				INFOPLIST_FILE = HQcy/Info.plist;
				IPHONEOS_DEPLOYMENT_TARGET = 10.2.1;
				LD_RUNPATH_SEARCH_PATHS = "$(inherited) @executable_path/Frameworks";
				PRODUCT_BUNDLE_IDENTIFIER = "Ryan--n--Tao-LLC.HQcy";
				PRODUCT_NAME = "$(TARGET_NAME)";
				SWIFT_VERSION = 4.0;
				TARGETED_DEVICE_FAMILY = "1,2";
			};
			name = Release;
		};
/* End XCBuildConfiguration section */

/* Begin XCConfigurationList section */
		E7A874C81FFDC8BC00408DF4 /* Build configuration list for PBXProject "HQcy" */ = {
			isa = XCConfigurationList;
			buildConfigurations = (
				E7A874DD1FFDC8BC00408DF4 /* Debug */,
				E7A874DE1FFDC8BC00408DF4 /* Release */,
			);
			defaultConfigurationIsVisible = 0;
			defaultConfigurationName = Release;
		};
		E7A874DF1FFDC8BC00408DF4 /* Build configuration list for PBXNativeTarget "HQcy" */ = {
			isa = XCConfigurationList;
			buildConfigurations = (
				E7A874E01FFDC8BC00408DF4 /* Debug */,
				E7A874E11FFDC8BC00408DF4 /* Release */,
			);
			defaultConfigurationIsVisible = 0;
			defaultConfigurationName = Release;
		};
/* End XCConfigurationList section */
	};
	rootObject = E7A874C51FFDC8BC00408DF4 /* Project object */;
}
